
Microsoft Visual Studio Solution File, Format Version 12.00
# Visual Studio 15
VisualStudioVersion = 15.0.28307.1401
MinimumVisualStudioVersion = 10.0.40219.1
Project("{FAE04EC0-301F-11D3-BF4B-00C04F79EFBC}") = "ORSAPRnew", "ORSAPRnew\ORSAPRnew.csproj", "{B1C9B744-427B-40E0-8E3A-55DBFF8E2029}"
EndProject
Global
	GlobalSection(SolutionConfigurationPlatforms) = preSolution
		Debug|Any CPU = Debug|Any CPU
		Release|Any CPU = Release|Any CPU
	EndGlobalSection
	GlobalSection(ProjectConfigurationPlatforms) = postSolution
		{B1C9B744-427B-40E0-8E3A-55DBFF8E2029}.Debug|Any CPU.ActiveCfg = Debug|Any CPU
		{B1C9B744-427B-40E0-8E3A-55DBFF8E2029}.Debug|Any CPU.Build.0 = Debug|Any CPU
		{B1C9B744-427B-40E0-8E3A-55DBFF8E2029}.Release|Any CPU.ActiveCfg = Release|Any CPU
		{B1C9B744-427B-40E0-8E3A-55DBFF8E2029}.Release|Any CPU.Build.0 = Release|Any CPU
	EndGlobalSection
	GlobalSection(SolutionProperties) = preSolution
		HideSolutionNode = FALSE
	EndGlobalSection
	GlobalSection(ExtensibilityGlobals) = postSolution
		SolutionGuid = {102F1636-B4C0-4BCB-B1D1-02CB534A388B}
	EndGlobalSection
EndGlobal
