
Microsoft Visual Studio Solution File, Format Version 12.00
# Visual Studio Version 16
VisualStudioVersion = 16.0.31005.135
MinimumVisualStudioVersion = 10.0.40219.1
Project("{FAE04EC0-301F-11D3-BF4B-00C04F79EFBC}") = "Box.View", "ORSAPRnew\Box.View.csproj", "{B1C9B744-427B-40E0-8E3A-55DBFF8E2029}"
EndProject
Project("{FAE04EC0-301F-11D3-BF4B-00C04F79EFBC}") = "Box.Model", "Box.Model\Box.Model.csproj", "{EEC18DA3-4424-473D-AAFB-C6C02E1D3DC7}"
EndProject
Project("{FAE04EC0-301F-11D3-BF4B-00C04F79EFBC}") = "Box.Builder", "Box.Builder\Box.Builder.csproj", "{EAA777F8-4C02-4B47-808F-4D17E13472F8}"
EndProject
Project("{FAE04EC0-301F-11D3-BF4B-00C04F79EFBC}") = "Box.UnitTests", "Box.UnitTests\Box.UnitTests.csproj", "{76173492-FBA3-45E7-94CC-82F79809B15C}"
EndProject
Global
	GlobalSection(SolutionConfigurationPlatforms) = preSolution
		Debug|Any CPU = Debug|Any CPU
		Release|Any CPU = Release|Any CPU
	EndGlobalSection
	GlobalSection(ProjectConfigurationPlatforms) = postSolution
		{B1C9B744-427B-40E0-8E3A-55DBFF8E2029}.Debug|Any CPU.ActiveCfg = Debug|Any CPU
		{B1C9B744-427B-40E0-8E3A-55DBFF8E2029}.Debug|Any CPU.Build.0 = Debug|Any CPU
		{B1C9B744-427B-40E0-8E3A-55DBFF8E2029}.Release|Any CPU.ActiveCfg = Release|Any CPU
		{B1C9B744-427B-40E0-8E3A-55DBFF8E2029}.Release|Any CPU.Build.0 = Release|Any CPU
		{EEC18DA3-4424-473D-AAFB-C6C02E1D3DC7}.Debug|Any CPU.ActiveCfg = Debug|Any CPU
		{EEC18DA3-4424-473D-AAFB-C6C02E1D3DC7}.Debug|Any CPU.Build.0 = Debug|Any CPU
		{EEC18DA3-4424-473D-AAFB-C6C02E1D3DC7}.Release|Any CPU.ActiveCfg = Release|Any CPU
		{EEC18DA3-4424-473D-AAFB-C6C02E1D3DC7}.Release|Any CPU.Build.0 = Release|Any CPU
		{EAA777F8-4C02-4B47-808F-4D17E13472F8}.Debug|Any CPU.ActiveCfg = Debug|Any CPU
		{EAA777F8-4C02-4B47-808F-4D17E13472F8}.Debug|Any CPU.Build.0 = Debug|Any CPU
		{EAA777F8-4C02-4B47-808F-4D17E13472F8}.Release|Any CPU.ActiveCfg = Release|Any CPU
		{EAA777F8-4C02-4B47-808F-4D17E13472F8}.Release|Any CPU.Build.0 = Release|Any CPU
		{76173492-FBA3-45E7-94CC-82F79809B15C}.Debug|Any CPU.ActiveCfg = Debug|Any CPU
		{76173492-FBA3-45E7-94CC-82F79809B15C}.Debug|Any CPU.Build.0 = Debug|Any CPU
		{76173492-FBA3-45E7-94CC-82F79809B15C}.Release|Any CPU.ActiveCfg = Release|Any CPU
		{76173492-FBA3-45E7-94CC-82F79809B15C}.Release|Any CPU.Build.0 = Release|Any CPU
	EndGlobalSection
	GlobalSection(SolutionProperties) = preSolution
		HideSolutionNode = FALSE
	EndGlobalSection
	GlobalSection(ExtensibilityGlobals) = postSolution
		SolutionGuid = {102F1636-B4C0-4BCB-B1D1-02CB534A388B}
	EndGlobalSection
EndGlobal
